
Microsoft Visual Studio Solution File, Format Version 12.00
# Visual Studio Version 16
VisualStudioVersion = 16.0.31019.35
MinimumVisualStudioVersion = 10.0.40219.1
Project("{FAE04EC0-301F-11D3-BF4B-00C04F79EFBC}") = "warehouse manager", "warehouse manager\warehouse manager.csproj", "{5162438D-C0FD-443A-B0F2-3A6DA1B097CC}"
EndProject
Global
	GlobalSection(SolutionConfigurationPlatforms) = preSolution
		Debug|Any CPU = Debug|Any CPU
		Release|Any CPU = Release|Any CPU
	EndGlobalSection
	GlobalSection(ProjectConfigurationPlatforms) = postSolution
		{5162438D-C0FD-443A-B0F2-3A6DA1B097CC}.Debug|Any CPU.ActiveCfg = Debug|Any CPU
		{5162438D-C0FD-443A-B0F2-3A6DA1B097CC}.Debug|Any CPU.Build.0 = Debug|Any CPU
		{5162438D-C0FD-443A-B0F2-3A6DA1B097CC}.Release|Any CPU.ActiveCfg = Release|Any CPU
		{5162438D-C0FD-443A-B0F2-3A6DA1B097CC}.Release|Any CPU.Build.0 = Release|Any CPU
	EndGlobalSection
	GlobalSection(SolutionProperties) = preSolution
		HideSolutionNode = FALSE
	EndGlobalSection
	GlobalSection(ExtensibilityGlobals) = postSolution
		SolutionGuid = {626C7256-A51B-4D41-BEB7-0CACB3EB7644}
	EndGlobalSection
EndGlobal
